// !$*UTF8*$!
{
	archiveVersion = 1;
	classes = {
	};
	objectVersion = 50;
	objects = {

/* Begin PBXBuildFile section */
		4B4DC642AB53896D2E12A7AD /* Pods_PostViewer.framework in Frameworks */ = {isa = PBXBuildFile; fileRef = 1E234D77D6EC6A9A62753F8E /* Pods_PostViewer.framework */; };
		6696919D030A12661645B82F /* Pods_PostViewerTests.framework in Frameworks */ = {isa = PBXBuildFile; fileRef = A7D7C09F18F28359ED768E68 /* Pods_PostViewerTests.framework */; };
		CD14AE1B220753EB004ADF87 /* UIStoryboard+Idenitifer.swift in Sources */ = {isa = PBXBuildFile; fileRef = CD14AE1A220753EB004ADF87 /* UIStoryboard+Idenitifer.swift */; };
		CD14AE1D220766D9004ADF87 /* LoginPresenter.swift in Sources */ = {isa = PBXBuildFile; fileRef = CD14AE1C220766D9004ADF87 /* LoginPresenter.swift */; };
		CDCA415821CEC8E800B957AC /* AppDelegate.swift in Sources */ = {isa = PBXBuildFile; fileRef = CDCA415721CEC8E800B957AC /* AppDelegate.swift */; };
		CDCA415A21CEC8E800B957AC /* LoginViewController.swift in Sources */ = {isa = PBXBuildFile; fileRef = CDCA415921CEC8E800B957AC /* LoginViewController.swift */; };
		CDCA415D21CEC8E800B957AC /* Main.storyboard in Resources */ = {isa = PBXBuildFile; fileRef = CDCA415B21CEC8E800B957AC /* Main.storyboard */; };
		CDCA415F21CEC8EB00B957AC /* Assets.xcassets in Resources */ = {isa = PBXBuildFile; fileRef = CDCA415E21CEC8EB00B957AC /* Assets.xcassets */; };
		CDCA416221CEC8EB00B957AC /* LaunchScreen.storyboard in Resources */ = {isa = PBXBuildFile; fileRef = CDCA416021CEC8EB00B957AC /* LaunchScreen.storyboard */; };
		CDCA416D21CEC8EB00B957AC /* PostViewerTests.swift in Sources */ = {isa = PBXBuildFile; fileRef = CDCA416C21CEC8EB00B957AC /* PostViewerTests.swift */; };
		CDCA417821CEC8EB00B957AC /* PostViewerUITests.swift in Sources */ = {isa = PBXBuildFile; fileRef = CDCA417721CEC8EB00B957AC /* PostViewerUITests.swift */; };
		CDCA418621CECC2500B957AC /* GoogleService-Info.plist in Resources */ = {isa = PBXBuildFile; fileRef = CDCA418521CECC2500B957AC /* GoogleService-Info.plist */; };
		CDFC73D921F4EADA00219FA8 /* UITableViewCell+Reusable.swift in Sources */ = {isa = PBXBuildFile; fileRef = CDFC73D821F4EADA00219FA8 /* UITableViewCell+Reusable.swift */; };
		CDFC73DB21F4EC2E00219FA8 /* PostTableViewCell.xib in Resources */ = {isa = PBXBuildFile; fileRef = CDFC73DA21F4EC2E00219FA8 /* PostTableViewCell.xib */; };
		CDFC73E921F5254800219FA8 /* Nunito-Medium.ttf in Resources */ = {isa = PBXBuildFile; fileRef = CDFC73E021F5254800219FA8 /* Nunito-Medium.ttf */; };
		CDFC73EA21F5254800219FA8 /* SIL Open Font License.txt in Resources */ = {isa = PBXBuildFile; fileRef = CDFC73E121F5254800219FA8 /* SIL Open Font License.txt */; };
		CDFC73EB21F5254800219FA8 /* Nunito-ExtraBold.ttf in Resources */ = {isa = PBXBuildFile; fileRef = CDFC73E221F5254800219FA8 /* Nunito-ExtraBold.ttf */; };
		CDFC73EC21F5254800219FA8 /* Nunito-Light.ttf in Resources */ = {isa = PBXBuildFile; fileRef = CDFC73E321F5254800219FA8 /* Nunito-Light.ttf */; };
		CDFC73ED21F5254800219FA8 /* Nunito-Regular.ttf in Resources */ = {isa = PBXBuildFile; fileRef = CDFC73E421F5254800219FA8 /* Nunito-Regular.ttf */; };
		CDFC73EE21F5254800219FA8 /* Nunito-SemiBold.ttf in Resources */ = {isa = PBXBuildFile; fileRef = CDFC73E521F5254800219FA8 /* Nunito-SemiBold.ttf */; };
		CDFC73EF21F5254800219FA8 /* Nunito-Bold.ttf in Resources */ = {isa = PBXBuildFile; fileRef = CDFC73E621F5254800219FA8 /* Nunito-Bold.ttf */; };
		CDFC73F021F5254800219FA8 /* Nunito-Black.ttf in Resources */ = {isa = PBXBuildFile; fileRef = CDFC73E721F5254800219FA8 /* Nunito-Black.ttf */; };
		CDFC73F121F5254800219FA8 /* Nunito-ExtraLight.ttf in Resources */ = {isa = PBXBuildFile; fileRef = CDFC73E821F5254800219FA8 /* Nunito-ExtraLight.ttf */; };
		CDFC73F721F68D5600219FA8 /* EditPostAlertViewController.swift in Sources */ = {isa = PBXBuildFile; fileRef = CDFC73F521F68D5600219FA8 /* EditPostAlertViewController.swift */; };
		CDFC73F821F68D5600219FA8 /* EditPostAlertViewController.xib in Resources */ = {isa = PBXBuildFile; fileRef = CDFC73F621F68D5600219FA8 /* EditPostAlertViewController.xib */; };
		CDFF75D421DD7EEB00027206 /* UITextField+textSpacer.swift in Sources */ = {isa = PBXBuildFile; fileRef = CDFF75D321DD7EEB00027206 /* UITextField+textSpacer.swift */; };
		CDFF75D721DD83DA00027206 /* RoundedTextField.swift in Sources */ = {isa = PBXBuildFile; fileRef = CDFF75D621DD83DA00027206 /* RoundedTextField.swift */; };
		CDFF75DA21E3762200027206 /* PostsViewController.swift in Sources */ = {isa = PBXBuildFile; fileRef = CDFF75D921E3762200027206 /* PostsViewController.swift */; };
		CDFF75DC21E3763900027206 /* PostsPresenter.swift in Sources */ = {isa = PBXBuildFile; fileRef = CDFF75DB21E3763900027206 /* PostsPresenter.swift */; };
		CDFF75E021E3794F00027206 /* Post.swift in Sources */ = {isa = PBXBuildFile; fileRef = CDFF75DF21E3794F00027206 /* Post.swift */; };
		CDFF75E221E37A9C00027206 /* PostTableViewCell.swift in Sources */ = {isa = PBXBuildFile; fileRef = CDFF75E121E37A9C00027206 /* PostTableViewCell.swift */; };
		D62C1D2164596B0790459BCE /* Pods_PostViewerUITests.framework in Frameworks */ = {isa = PBXBuildFile; fileRef = A88030336DE63155693B8E4E /* Pods_PostViewerUITests.framework */; };
		E2128BBD21DCD8E4000F8CB7 /* UIView+layerProperties.swift in Sources */ = {isa = PBXBuildFile; fileRef = E2128BBC21DCD8E4000F8CB7 /* UIView+layerProperties.swift */; };
		E2143C8A21D6604D005738A9 /* SignUpViewController.swift in Sources */ = {isa = PBXBuildFile; fileRef = E2143C8921D6604D005738A9 /* SignUpViewController.swift */; };
/* End PBXBuildFile section */

/* Begin PBXContainerItemProxy section */
		CDCA416921CEC8EB00B957AC /* PBXContainerItemProxy */ = {
			isa = PBXContainerItemProxy;
			containerPortal = CDCA414C21CEC8E800B957AC /* Project object */;
			proxyType = 1;
			remoteGlobalIDString = CDCA415321CEC8E800B957AC;
			remoteInfo = PostViewer;
		};
		CDCA417421CEC8EB00B957AC /* PBXContainerItemProxy */ = {
			isa = PBXContainerItemProxy;
			containerPortal = CDCA414C21CEC8E800B957AC /* Project object */;
			proxyType = 1;
			remoteGlobalIDString = CDCA415321CEC8E800B957AC;
			remoteInfo = PostViewer;
		};
/* End PBXContainerItemProxy section */

/* Begin PBXFileReference section */
		0A849E39F1C22AFC1426880B /* Pods-PostViewerUITests.release.xcconfig */ = {isa = PBXFileReference; includeInIndex = 1; lastKnownFileType = text.xcconfig; name = "Pods-PostViewerUITests.release.xcconfig"; path = "Pods/Target Support Files/Pods-PostViewerUITests/Pods-PostViewerUITests.release.xcconfig"; sourceTree = "<group>"; };
		1E234D77D6EC6A9A62753F8E /* Pods_PostViewer.framework */ = {isa = PBXFileReference; explicitFileType = wrapper.framework; includeInIndex = 0; path = Pods_PostViewer.framework; sourceTree = BUILT_PRODUCTS_DIR; };
		51129C17DD15654E64B238D4 /* Pods-PostViewerUITests.debug.xcconfig */ = {isa = PBXFileReference; includeInIndex = 1; lastKnownFileType = text.xcconfig; name = "Pods-PostViewerUITests.debug.xcconfig"; path = "Pods/Target Support Files/Pods-PostViewerUITests/Pods-PostViewerUITests.debug.xcconfig"; sourceTree = "<group>"; };
		58ADCBF187BA9EC895B52452 /* Pods-PostViewer.release.xcconfig */ = {isa = PBXFileReference; includeInIndex = 1; lastKnownFileType = text.xcconfig; name = "Pods-PostViewer.release.xcconfig"; path = "Pods/Target Support Files/Pods-PostViewer/Pods-PostViewer.release.xcconfig"; sourceTree = "<group>"; };
		8C4284AA1A9414D68E56736D /* Pods-PostViewerTests.debug.xcconfig */ = {isa = PBXFileReference; includeInIndex = 1; lastKnownFileType = text.xcconfig; name = "Pods-PostViewerTests.debug.xcconfig"; path = "Pods/Target Support Files/Pods-PostViewerTests/Pods-PostViewerTests.debug.xcconfig"; sourceTree = "<group>"; };
		93C9FCE8B6A8AC1874B66591 /* Pods-PostViewer.debug.xcconfig */ = {isa = PBXFileReference; includeInIndex = 1; lastKnownFileType = text.xcconfig; name = "Pods-PostViewer.debug.xcconfig"; path = "Pods/Target Support Files/Pods-PostViewer/Pods-PostViewer.debug.xcconfig"; sourceTree = "<group>"; };
		A7D7C09F18F28359ED768E68 /* Pods_PostViewerTests.framework */ = {isa = PBXFileReference; explicitFileType = wrapper.framework; includeInIndex = 0; path = Pods_PostViewerTests.framework; sourceTree = BUILT_PRODUCTS_DIR; };
		A88030336DE63155693B8E4E /* Pods_PostViewerUITests.framework */ = {isa = PBXFileReference; explicitFileType = wrapper.framework; includeInIndex = 0; path = Pods_PostViewerUITests.framework; sourceTree = BUILT_PRODUCTS_DIR; };
		CD14AE1A220753EB004ADF87 /* UIStoryboard+Idenitifer.swift */ = {isa = PBXFileReference; lastKnownFileType = sourcecode.swift; path = "UIStoryboard+Idenitifer.swift"; sourceTree = "<group>"; };
		CD14AE1C220766D9004ADF87 /* LoginPresenter.swift */ = {isa = PBXFileReference; lastKnownFileType = sourcecode.swift; path = LoginPresenter.swift; sourceTree = "<group>"; };
		CDCA415421CEC8E800B957AC /* PostViewer.app */ = {isa = PBXFileReference; explicitFileType = wrapper.application; includeInIndex = 0; path = PostViewer.app; sourceTree = BUILT_PRODUCTS_DIR; };
		CDCA415721CEC8E800B957AC /* AppDelegate.swift */ = {isa = PBXFileReference; lastKnownFileType = sourcecode.swift; path = AppDelegate.swift; sourceTree = "<group>"; };
		CDCA415921CEC8E800B957AC /* LoginViewController.swift */ = {isa = PBXFileReference; lastKnownFileType = sourcecode.swift; path = LoginViewController.swift; sourceTree = "<group>"; };
		CDCA415C21CEC8E800B957AC /* Base */ = {isa = PBXFileReference; lastKnownFileType = file.storyboard; name = Base; path = Base.lproj/Main.storyboard; sourceTree = "<group>"; };
		CDCA415E21CEC8EB00B957AC /* Assets.xcassets */ = {isa = PBXFileReference; lastKnownFileType = folder.assetcatalog; path = Assets.xcassets; sourceTree = "<group>"; };
		CDCA416121CEC8EB00B957AC /* Base */ = {isa = PBXFileReference; lastKnownFileType = file.storyboard; name = Base; path = Base.lproj/LaunchScreen.storyboard; sourceTree = "<group>"; };
		CDCA416321CEC8EB00B957AC /* Info.plist */ = {isa = PBXFileReference; lastKnownFileType = text.plist.xml; path = Info.plist; sourceTree = "<group>"; };
		CDCA416821CEC8EB00B957AC /* PostViewerTests.xctest */ = {isa = PBXFileReference; explicitFileType = wrapper.cfbundle; includeInIndex = 0; path = PostViewerTests.xctest; sourceTree = BUILT_PRODUCTS_DIR; };
		CDCA416C21CEC8EB00B957AC /* PostViewerTests.swift */ = {isa = PBXFileReference; lastKnownFileType = sourcecode.swift; path = PostViewerTests.swift; sourceTree = "<group>"; };
		CDCA416E21CEC8EB00B957AC /* Info.plist */ = {isa = PBXFileReference; lastKnownFileType = text.plist.xml; path = Info.plist; sourceTree = "<group>"; };
		CDCA417321CEC8EB00B957AC /* PostViewerUITests.xctest */ = {isa = PBXFileReference; explicitFileType = wrapper.cfbundle; includeInIndex = 0; path = PostViewerUITests.xctest; sourceTree = BUILT_PRODUCTS_DIR; };
		CDCA417721CEC8EB00B957AC /* PostViewerUITests.swift */ = {isa = PBXFileReference; lastKnownFileType = sourcecode.swift; path = PostViewerUITests.swift; sourceTree = "<group>"; };
		CDCA417921CEC8EB00B957AC /* Info.plist */ = {isa = PBXFileReference; lastKnownFileType = text.plist.xml; path = Info.plist; sourceTree = "<group>"; };
		CDCA418521CECC2500B957AC /* GoogleService-Info.plist */ = {isa = PBXFileReference; fileEncoding = 4; lastKnownFileType = text.plist.xml; path = "GoogleService-Info.plist"; sourceTree = "<group>"; };
		CDFC73D821F4EADA00219FA8 /* UITableViewCell+Reusable.swift */ = {isa = PBXFileReference; lastKnownFileType = sourcecode.swift; path = "UITableViewCell+Reusable.swift"; sourceTree = "<group>"; };
		CDFC73DA21F4EC2E00219FA8 /* PostTableViewCell.xib */ = {isa = PBXFileReference; lastKnownFileType = file.xib; path = PostTableViewCell.xib; sourceTree = "<group>"; };
		CDFC73E021F5254800219FA8 /* Nunito-Medium.ttf */ = {isa = PBXFileReference; lastKnownFileType = file; path = "Nunito-Medium.ttf"; sourceTree = "<group>"; };
		CDFC73E121F5254800219FA8 /* SIL Open Font License.txt */ = {isa = PBXFileReference; fileEncoding = 4; lastKnownFileType = text; path = "SIL Open Font License.txt"; sourceTree = "<group>"; };
		CDFC73E221F5254800219FA8 /* Nunito-ExtraBold.ttf */ = {isa = PBXFileReference; lastKnownFileType = file; path = "Nunito-ExtraBold.ttf"; sourceTree = "<group>"; };
		CDFC73E321F5254800219FA8 /* Nunito-Light.ttf */ = {isa = PBXFileReference; lastKnownFileType = file; path = "Nunito-Light.ttf"; sourceTree = "<group>"; };
		CDFC73E421F5254800219FA8 /* Nunito-Regular.ttf */ = {isa = PBXFileReference; lastKnownFileType = file; path = "Nunito-Regular.ttf"; sourceTree = "<group>"; };
		CDFC73E521F5254800219FA8 /* Nunito-SemiBold.ttf */ = {isa = PBXFileReference; lastKnownFileType = file; path = "Nunito-SemiBold.ttf"; sourceTree = "<group>"; };
		CDFC73E621F5254800219FA8 /* Nunito-Bold.ttf */ = {isa = PBXFileReference; lastKnownFileType = file; path = "Nunito-Bold.ttf"; sourceTree = "<group>"; };
		CDFC73E721F5254800219FA8 /* Nunito-Black.ttf */ = {isa = PBXFileReference; lastKnownFileType = file; path = "Nunito-Black.ttf"; sourceTree = "<group>"; };
		CDFC73E821F5254800219FA8 /* Nunito-ExtraLight.ttf */ = {isa = PBXFileReference; lastKnownFileType = file; path = "Nunito-ExtraLight.ttf"; sourceTree = "<group>"; };
		CDFC73F521F68D5600219FA8 /* EditPostAlertViewController.swift */ = {isa = PBXFileReference; lastKnownFileType = sourcecode.swift; path = EditPostAlertViewController.swift; sourceTree = "<group>"; };
		CDFC73F621F68D5600219FA8 /* EditPostAlertViewController.xib */ = {isa = PBXFileReference; lastKnownFileType = file.xib; path = EditPostAlertViewController.xib; sourceTree = "<group>"; };
		CDFF75D221D59C2400027206 /* PostViewer.entitlements */ = {isa = PBXFileReference; lastKnownFileType = text.plist.entitlements; path = PostViewer.entitlements; sourceTree = "<group>"; };
		CDFF75D321DD7EEB00027206 /* UITextField+textSpacer.swift */ = {isa = PBXFileReference; lastKnownFileType = sourcecode.swift; path = "UITextField+textSpacer.swift"; sourceTree = "<group>"; };
		CDFF75D621DD83DA00027206 /* RoundedTextField.swift */ = {isa = PBXFileReference; lastKnownFileType = sourcecode.swift; path = RoundedTextField.swift; sourceTree = "<group>"; };
		CDFF75D921E3762200027206 /* PostsViewController.swift */ = {isa = PBXFileReference; lastKnownFileType = sourcecode.swift; path = PostsViewController.swift; sourceTree = "<group>"; };
		CDFF75DB21E3763900027206 /* PostsPresenter.swift */ = {isa = PBXFileReference; lastKnownFileType = sourcecode.swift; path = PostsPresenter.swift; sourceTree = "<group>"; };
		CDFF75DF21E3794F00027206 /* Post.swift */ = {isa = PBXFileReference; lastKnownFileType = sourcecode.swift; path = Post.swift; sourceTree = "<group>"; };
		CDFF75E121E37A9C00027206 /* PostTableViewCell.swift */ = {isa = PBXFileReference; lastKnownFileType = sourcecode.swift; path = PostTableViewCell.swift; sourceTree = "<group>"; };
		E2128BBC21DCD8E4000F8CB7 /* UIView+layerProperties.swift */ = {isa = PBXFileReference; lastKnownFileType = sourcecode.swift; path = "UIView+layerProperties.swift"; sourceTree = "<group>"; };
		E2143C8921D6604D005738A9 /* SignUpViewController.swift */ = {isa = PBXFileReference; lastKnownFileType = sourcecode.swift; path = SignUpViewController.swift; sourceTree = "<group>"; };
		EC81625923CA5C5204FBAB48 /* Pods-PostViewerTests.release.xcconfig */ = {isa = PBXFileReference; includeInIndex = 1; lastKnownFileType = text.xcconfig; name = "Pods-PostViewerTests.release.xcconfig"; path = "Pods/Target Support Files/Pods-PostViewerTests/Pods-PostViewerTests.release.xcconfig"; sourceTree = "<group>"; };
/* End PBXFileReference section */

/* Begin PBXFrameworksBuildPhase section */
		CDCA415121CEC8E800B957AC /* Frameworks */ = {
			isa = PBXFrameworksBuildPhase;
			buildActionMask = 2147483647;
			files = (
				4B4DC642AB53896D2E12A7AD /* Pods_PostViewer.framework in Frameworks */,
			);
			runOnlyForDeploymentPostprocessing = 0;
		};
		CDCA416521CEC8EB00B957AC /* Frameworks */ = {
			isa = PBXFrameworksBuildPhase;
			buildActionMask = 2147483647;
			files = (
				6696919D030A12661645B82F /* Pods_PostViewerTests.framework in Frameworks */,
			);
			runOnlyForDeploymentPostprocessing = 0;
		};
		CDCA417021CEC8EB00B957AC /* Frameworks */ = {
			isa = PBXFrameworksBuildPhase;
			buildActionMask = 2147483647;
			files = (
				D62C1D2164596B0790459BCE /* Pods_PostViewerUITests.framework in Frameworks */,
			);
			runOnlyForDeploymentPostprocessing = 0;
		};
/* End PBXFrameworksBuildPhase section */

/* Begin PBXGroup section */
		9153682B9BF48B7961E009CC /* Frameworks */ = {
			isa = PBXGroup;
			children = (
				1E234D77D6EC6A9A62753F8E /* Pods_PostViewer.framework */,
				A7D7C09F18F28359ED768E68 /* Pods_PostViewerTests.framework */,
				A88030336DE63155693B8E4E /* Pods_PostViewerUITests.framework */,
			);
			name = Frameworks;
			sourceTree = "<group>";
		};
		CD14AE1922072F15004ADF87 /* Services */ = {
			isa = PBXGroup;
			children = (
			);
			path = Services;
			sourceTree = "<group>";
		};
		CDCA414B21CEC8E800B957AC = {
			isa = PBXGroup;
			children = (
				CDCA415621CEC8E800B957AC /* PostViewer */,
				CDCA416B21CEC8EB00B957AC /* PostViewerTests */,
				CDCA417621CEC8EB00B957AC /* PostViewerUITests */,
				CDCA415521CEC8E800B957AC /* Products */,
				CF5AA33B7E9FA23DB46C3505 /* Pods */,
				9153682B9BF48B7961E009CC /* Frameworks */,
			);
			sourceTree = "<group>";
		};
		CDCA415521CEC8E800B957AC /* Products */ = {
			isa = PBXGroup;
			children = (
				CDCA415421CEC8E800B957AC /* PostViewer.app */,
				CDCA416821CEC8EB00B957AC /* PostViewerTests.xctest */,
				CDCA417321CEC8EB00B957AC /* PostViewerUITests.xctest */,
			);
			name = Products;
			sourceTree = "<group>";
		};
		CDCA415621CEC8E800B957AC /* PostViewer */ = {
			isa = PBXGroup;
			children = (
				CD14AE1922072F15004ADF87 /* Services */,
				CDFC73DC21F524F100219FA8 /* Supporting files */,
				CDFF75D821E3760600027206 /* Posts */,
				E294C57421D664790044F650 /* Extensions */,
				E2143C8821D66029005738A9 /* SignUp */,
				E2143C8721D66020005738A9 /* Login */,
				CDFF75D221D59C2400027206 /* PostViewer.entitlements */,
				CDCA415721CEC8E800B957AC /* AppDelegate.swift */,
				CDCA415B21CEC8E800B957AC /* Main.storyboard */,
				CDCA416021CEC8EB00B957AC /* LaunchScreen.storyboard */,
				CDCA416321CEC8EB00B957AC /* Info.plist */,
				CDCA418521CECC2500B957AC /* GoogleService-Info.plist */,
			);
			path = PostViewer;
			sourceTree = "<group>";
		};
		CDCA416B21CEC8EB00B957AC /* PostViewerTests */ = {
			isa = PBXGroup;
			children = (
				CDCA416C21CEC8EB00B957AC /* PostViewerTests.swift */,
				CDCA416E21CEC8EB00B957AC /* Info.plist */,
			);
			path = PostViewerTests;
			sourceTree = "<group>";
		};
		CDCA417621CEC8EB00B957AC /* PostViewerUITests */ = {
			isa = PBXGroup;
			children = (
				CDCA417721CEC8EB00B957AC /* PostViewerUITests.swift */,
				CDCA417921CEC8EB00B957AC /* Info.plist */,
			);
			path = PostViewerUITests;
			sourceTree = "<group>";
		};
		CDFC73DC21F524F100219FA8 /* Supporting files */ = {
			isa = PBXGroup;
			children = (
				CDFC73DD21F5250200219FA8 /* Fonts */,
				CDCA415E21CEC8EB00B957AC /* Assets.xcassets */,
			);
			path = "Supporting files";
			sourceTree = "<group>";
		};
		CDFC73DD21F5250200219FA8 /* Fonts */ = {
			isa = PBXGroup;
			children = (
				CDFC73DF21F5254800219FA8 /* Nunito */,
			);
			path = Fonts;
			sourceTree = "<group>";
		};
		CDFC73DF21F5254800219FA8 /* Nunito */ = {
			isa = PBXGroup;
			children = (
				CDFC73E021F5254800219FA8 /* Nunito-Medium.ttf */,
				CDFC73E121F5254800219FA8 /* SIL Open Font License.txt */,
				CDFC73E221F5254800219FA8 /* Nunito-ExtraBold.ttf */,
				CDFC73E321F5254800219FA8 /* Nunito-Light.ttf */,
				CDFC73E421F5254800219FA8 /* Nunito-Regular.ttf */,
				CDFC73E521F5254800219FA8 /* Nunito-SemiBold.ttf */,
				CDFC73E621F5254800219FA8 /* Nunito-Bold.ttf */,
				CDFC73E721F5254800219FA8 /* Nunito-Black.ttf */,
				CDFC73E821F5254800219FA8 /* Nunito-ExtraLight.ttf */,
			);
			path = Nunito;
			sourceTree = "<group>";
		};
		CDFC73F321F687E800219FA8 /* PostTableViewCell */ = {
			isa = PBXGroup;
			children = (
				CDFF75E121E37A9C00027206 /* PostTableViewCell.swift */,
				CDFC73DA21F4EC2E00219FA8 /* PostTableViewCell.xib */,
			);
			path = PostTableViewCell;
			sourceTree = "<group>";
		};
		CDFC73F421F687F700219FA8 /* EditPostAlertView */ = {
			isa = PBXGroup;
			children = (
				CDFC73F521F68D5600219FA8 /* EditPostAlertViewController.swift */,
				CDFC73F621F68D5600219FA8 /* EditPostAlertViewController.xib */,
			);
			path = EditPostAlertView;
			sourceTree = "<group>";
		};
		CDFF75D521DD802700027206 /* View */ = {
			isa = PBXGroup;
			children = (
				CDFF75D621DD83DA00027206 /* RoundedTextField.swift */,
			);
			path = View;
			sourceTree = "<group>";
		};
		CDFF75D821E3760600027206 /* Posts */ = {
			isa = PBXGroup;
			children = (
				CDFF75DE21E3781400027206 /* Model */,
				CDFF75DD21E3780B00027206 /* View */,
				CDFF75D921E3762200027206 /* PostsViewController.swift */,
				CDFF75DB21E3763900027206 /* PostsPresenter.swift */,
			);
			path = Posts;
			sourceTree = "<group>";
		};
		CDFF75DD21E3780B00027206 /* View */ = {
			isa = PBXGroup;
			children = (
				CDFC73F421F687F700219FA8 /* EditPostAlertView */,
				CDFC73F321F687E800219FA8 /* PostTableViewCell */,
			);
			path = View;
			sourceTree = "<group>";
		};
		CDFF75DE21E3781400027206 /* Model */ = {
			isa = PBXGroup;
			children = (
				CDFF75DF21E3794F00027206 /* Post.swift */,
			);
			path = Model;
			sourceTree = "<group>";
		};
		CF5AA33B7E9FA23DB46C3505 /* Pods */ = {
			isa = PBXGroup;
			children = (
				93C9FCE8B6A8AC1874B66591 /* Pods-PostViewer.debug.xcconfig */,
				58ADCBF187BA9EC895B52452 /* Pods-PostViewer.release.xcconfig */,
				8C4284AA1A9414D68E56736D /* Pods-PostViewerTests.debug.xcconfig */,
				EC81625923CA5C5204FBAB48 /* Pods-PostViewerTests.release.xcconfig */,
				51129C17DD15654E64B238D4 /* Pods-PostViewerUITests.debug.xcconfig */,
				0A849E39F1C22AFC1426880B /* Pods-PostViewerUITests.release.xcconfig */,
			);
			name = Pods;
			sourceTree = "<group>";
		};
		E2143C8721D66020005738A9 /* Login */ = {
			isa = PBXGroup;
			children = (
				CDCA415921CEC8E800B957AC /* LoginViewController.swift */,
				CD14AE1C220766D9004ADF87 /* LoginPresenter.swift */,
			);
			path = Login;
			sourceTree = "<group>";
		};
		E2143C8821D66029005738A9 /* SignUp */ = {
			isa = PBXGroup;
			children = (
				CDFF75D521DD802700027206 /* View */,
				E2143C8921D6604D005738A9 /* SignUpViewController.swift */,
			);
			path = SignUp;
			sourceTree = "<group>";
		};
		E294C57421D664790044F650 /* Extensions */ = {
			isa = PBXGroup;
			children = (
				E2128BBC21DCD8E4000F8CB7 /* UIView+layerProperties.swift */,
				CDFF75D321DD7EEB00027206 /* UITextField+textSpacer.swift */,
				CDFC73D821F4EADA00219FA8 /* UITableViewCell+Reusable.swift */,
				CD14AE1A220753EB004ADF87 /* UIStoryboard+Idenitifer.swift */,
			);
			path = Extensions;
			sourceTree = "<group>";
		};
/* End PBXGroup section */

/* Begin PBXNativeTarget section */
		CDCA415321CEC8E800B957AC /* PostViewer */ = {
			isa = PBXNativeTarget;
			buildConfigurationList = CDCA417C21CEC8EB00B957AC /* Build configuration list for PBXNativeTarget "PostViewer" */;
			buildPhases = (
				C6917F78B1AC2DB1EE109362 /* [CP] Check Pods Manifest.lock */,
				CDCA415021CEC8E800B957AC /* Sources */,
				CDCA415121CEC8E800B957AC /* Frameworks */,
				CDCA415221CEC8E800B957AC /* Resources */,
				ECBB3C4564A5B791123E7D9B /* [CP] Embed Pods Frameworks */,
			);
			buildRules = (
			);
			dependencies = (
			);
			name = PostViewer;
			productName = PostViewer;
			productReference = CDCA415421CEC8E800B957AC /* PostViewer.app */;
			productType = "com.apple.product-type.application";
		};
		CDCA416721CEC8EB00B957AC /* PostViewerTests */ = {
			isa = PBXNativeTarget;
			buildConfigurationList = CDCA417F21CEC8EB00B957AC /* Build configuration list for PBXNativeTarget "PostViewerTests" */;
			buildPhases = (
				AEAAF6A5B2FF4B5C90DDAE9A /* [CP] Check Pods Manifest.lock */,
				CDCA416421CEC8EB00B957AC /* Sources */,
				CDCA416521CEC8EB00B957AC /* Frameworks */,
				CDCA416621CEC8EB00B957AC /* Resources */,
			);
			buildRules = (
			);
			dependencies = (
				CDCA416A21CEC8EB00B957AC /* PBXTargetDependency */,
			);
			name = PostViewerTests;
			productName = PostViewerTests;
			productReference = CDCA416821CEC8EB00B957AC /* PostViewerTests.xctest */;
			productType = "com.apple.product-type.bundle.unit-test";
		};
		CDCA417221CEC8EB00B957AC /* PostViewerUITests */ = {
			isa = PBXNativeTarget;
			buildConfigurationList = CDCA418221CEC8EB00B957AC /* Build configuration list for PBXNativeTarget "PostViewerUITests" */;
			buildPhases = (
				91AECD48EF19119CD9C5AB34 /* [CP] Check Pods Manifest.lock */,
				CDCA416F21CEC8EB00B957AC /* Sources */,
				CDCA417021CEC8EB00B957AC /* Frameworks */,
				CDCA417121CEC8EB00B957AC /* Resources */,
			);
			buildRules = (
			);
			dependencies = (
				CDCA417521CEC8EB00B957AC /* PBXTargetDependency */,
			);
			name = PostViewerUITests;
			productName = PostViewerUITests;
			productReference = CDCA417321CEC8EB00B957AC /* PostViewerUITests.xctest */;
			productType = "com.apple.product-type.bundle.ui-testing";
		};
/* End PBXNativeTarget section */

/* Begin PBXProject section */
		CDCA414C21CEC8E800B957AC /* Project object */ = {
			isa = PBXProject;
			attributes = {
				LastSwiftUpdateCheck = 1010;
				LastUpgradeCheck = 1010;
				ORGANIZATIONNAME = "Nazariy Vlizlo";
				TargetAttributes = {
					CDCA415321CEC8E800B957AC = {
						CreatedOnToolsVersion = 10.1;
						SystemCapabilities = {
							com.apple.Keychain = {
								enabled = 1;
							};
						};
					};
					CDCA416721CEC8EB00B957AC = {
						CreatedOnToolsVersion = 10.1;
						TestTargetID = CDCA415321CEC8E800B957AC;
					};
					CDCA417221CEC8EB00B957AC = {
						CreatedOnToolsVersion = 10.1;
						TestTargetID = CDCA415321CEC8E800B957AC;
					};
				};
			};
			buildConfigurationList = CDCA414F21CEC8E800B957AC /* Build configuration list for PBXProject "PostViewer" */;
			compatibilityVersion = "Xcode 9.3";
			developmentRegion = en;
			hasScannedForEncodings = 0;
			knownRegions = (
				en,
				Base,
			);
			mainGroup = CDCA414B21CEC8E800B957AC;
			productRefGroup = CDCA415521CEC8E800B957AC /* Products */;
			projectDirPath = "";
			projectRoot = "";
			targets = (
				CDCA415321CEC8E800B957AC /* PostViewer */,
				CDCA416721CEC8EB00B957AC /* PostViewerTests */,
				CDCA417221CEC8EB00B957AC /* PostViewerUITests */,
			);
		};
/* End PBXProject section */

/* Begin PBXResourcesBuildPhase section */
		CDCA415221CEC8E800B957AC /* Resources */ = {
			isa = PBXResourcesBuildPhase;
			buildActionMask = 2147483647;
			files = (
				CDFC73ED21F5254800219FA8 /* Nunito-Regular.ttf in Resources */,
				CDFC73F121F5254800219FA8 /* Nunito-ExtraLight.ttf in Resources */,
				CDFC73F821F68D5600219FA8 /* EditPostAlertViewController.xib in Resources */,
				CDFC73EA21F5254800219FA8 /* SIL Open Font License.txt in Resources */,
				CDCA416221CEC8EB00B957AC /* LaunchScreen.storyboard in Resources */,
				CDFC73EC21F5254800219FA8 /* Nunito-Light.ttf in Resources */,
				CDFC73DB21F4EC2E00219FA8 /* PostTableViewCell.xib in Resources */,
				CDFC73EE21F5254800219FA8 /* Nunito-SemiBold.ttf in Resources */,
				CDFC73E921F5254800219FA8 /* Nunito-Medium.ttf in Resources */,
				CDCA418621CECC2500B957AC /* GoogleService-Info.plist in Resources */,
				CDCA415F21CEC8EB00B957AC /* Assets.xcassets in Resources */,
				CDFC73F021F5254800219FA8 /* Nunito-Black.ttf in Resources */,
				CDCA415D21CEC8E800B957AC /* Main.storyboard in Resources */,
				CDFC73EF21F5254800219FA8 /* Nunito-Bold.ttf in Resources */,
				CDFC73EB21F5254800219FA8 /* Nunito-ExtraBold.ttf in Resources */,
			);
			runOnlyForDeploymentPostprocessing = 0;
		};
		CDCA416621CEC8EB00B957AC /* Resources */ = {
			isa = PBXResourcesBuildPhase;
			buildActionMask = 2147483647;
			files = (
			);
			runOnlyForDeploymentPostprocessing = 0;
		};
		CDCA417121CEC8EB00B957AC /* Resources */ = {
			isa = PBXResourcesBuildPhase;
			buildActionMask = 2147483647;
			files = (
			);
			runOnlyForDeploymentPostprocessing = 0;
		};
/* End PBXResourcesBuildPhase section */

/* Begin PBXShellScriptBuildPhase section */
		91AECD48EF19119CD9C5AB34 /* [CP] Check Pods Manifest.lock */ = {
			isa = PBXShellScriptBuildPhase;
			buildActionMask = 2147483647;
			files = (
			);
			inputFileListPaths = (
			);
			inputPaths = (
				"${PODS_PODFILE_DIR_PATH}/Podfile.lock",
				"${PODS_ROOT}/Manifest.lock",
			);
			name = "[CP] Check Pods Manifest.lock";
			outputFileListPaths = (
			);
			outputPaths = (
				"$(DERIVED_FILE_DIR)/Pods-PostViewerUITests-checkManifestLockResult.txt",
			);
			runOnlyForDeploymentPostprocessing = 0;
			shellPath = /bin/sh;
			shellScript = "diff \"${PODS_PODFILE_DIR_PATH}/Podfile.lock\" \"${PODS_ROOT}/Manifest.lock\" > /dev/null\nif [ $? != 0 ] ; then\n    # print error to STDERR\n    echo \"error: The sandbox is not in sync with the Podfile.lock. Run 'pod install' or update your CocoaPods installation.\" >&2\n    exit 1\nfi\n# This output is used by Xcode 'outputs' to avoid re-running this script phase.\necho \"SUCCESS\" > \"${SCRIPT_OUTPUT_FILE_0}\"\n";
			showEnvVarsInLog = 0;
		};
		AEAAF6A5B2FF4B5C90DDAE9A /* [CP] Check Pods Manifest.lock */ = {
			isa = PBXShellScriptBuildPhase;
			buildActionMask = 2147483647;
			files = (
			);
			inputFileListPaths = (
			);
			inputPaths = (
				"${PODS_PODFILE_DIR_PATH}/Podfile.lock",
				"${PODS_ROOT}/Manifest.lock",
			);
			name = "[CP] Check Pods Manifest.lock";
			outputFileListPaths = (
			);
			outputPaths = (
				"$(DERIVED_FILE_DIR)/Pods-PostViewerTests-checkManifestLockResult.txt",
			);
			runOnlyForDeploymentPostprocessing = 0;
			shellPath = /bin/sh;
			shellScript = "diff \"${PODS_PODFILE_DIR_PATH}/Podfile.lock\" \"${PODS_ROOT}/Manifest.lock\" > /dev/null\nif [ $? != 0 ] ; then\n    # print error to STDERR\n    echo \"error: The sandbox is not in sync with the Podfile.lock. Run 'pod install' or update your CocoaPods installation.\" >&2\n    exit 1\nfi\n# This output is used by Xcode 'outputs' to avoid re-running this script phase.\necho \"SUCCESS\" > \"${SCRIPT_OUTPUT_FILE_0}\"\n";
			showEnvVarsInLog = 0;
		};
		C6917F78B1AC2DB1EE109362 /* [CP] Check Pods Manifest.lock */ = {
			isa = PBXShellScriptBuildPhase;
			buildActionMask = 2147483647;
			files = (
			);
			inputFileListPaths = (
			);
			inputPaths = (
				"${PODS_PODFILE_DIR_PATH}/Podfile.lock",
				"${PODS_ROOT}/Manifest.lock",
			);
			name = "[CP] Check Pods Manifest.lock";
			outputFileListPaths = (
			);
			outputPaths = (
				"$(DERIVED_FILE_DIR)/Pods-PostViewer-checkManifestLockResult.txt",
			);
			runOnlyForDeploymentPostprocessing = 0;
			shellPath = /bin/sh;
			shellScript = "diff \"${PODS_PODFILE_DIR_PATH}/Podfile.lock\" \"${PODS_ROOT}/Manifest.lock\" > /dev/null\nif [ $? != 0 ] ; then\n    # print error to STDERR\n    echo \"error: The sandbox is not in sync with the Podfile.lock. Run 'pod install' or update your CocoaPods installation.\" >&2\n    exit 1\nfi\n# This output is used by Xcode 'outputs' to avoid re-running this script phase.\necho \"SUCCESS\" > \"${SCRIPT_OUTPUT_FILE_0}\"\n";
			showEnvVarsInLog = 0;
		};
		ECBB3C4564A5B791123E7D9B /* [CP] Embed Pods Frameworks */ = {
			isa = PBXShellScriptBuildPhase;
			buildActionMask = 2147483647;
			files = (
			);
			inputFileListPaths = (
			);
			inputPaths = (
				"${SRCROOT}/Pods/Target Support Files/Pods-PostViewer/Pods-PostViewer-frameworks.sh",
				"${BUILT_PRODUCTS_DIR}/GTMSessionFetcher/GTMSessionFetcher.framework",
				"${BUILT_PRODUCTS_DIR}/GoogleUtilities/GoogleUtilities.framework",
				"${BUILT_PRODUCTS_DIR}/leveldb-library/leveldb.framework",
				"${BUILT_PRODUCTS_DIR}/nanopb/nanopb.framework",
			);
			name = "[CP] Embed Pods Frameworks";
			outputFileListPaths = (
			);
			outputPaths = (
				"${TARGET_BUILD_DIR}/${FRAMEWORKS_FOLDER_PATH}/GTMSessionFetcher.framework",
				"${TARGET_BUILD_DIR}/${FRAMEWORKS_FOLDER_PATH}/GoogleUtilities.framework",
				"${TARGET_BUILD_DIR}/${FRAMEWORKS_FOLDER_PATH}/leveldb.framework",
				"${TARGET_BUILD_DIR}/${FRAMEWORKS_FOLDER_PATH}/nanopb.framework",
			);
			runOnlyForDeploymentPostprocessing = 0;
			shellPath = /bin/sh;
			shellScript = "\"${SRCROOT}/Pods/Target Support Files/Pods-PostViewer/Pods-PostViewer-frameworks.sh\"\n";
			showEnvVarsInLog = 0;
		};
/* End PBXShellScriptBuildPhase section */

/* Begin PBXSourcesBuildPhase section */
		CDCA415021CEC8E800B957AC /* Sources */ = {
			isa = PBXSourcesBuildPhase;
			buildActionMask = 2147483647;
			files = (
				CDFF75DC21E3763900027206 /* PostsPresenter.swift in Sources */,
				CDFF75DA21E3762200027206 /* PostsViewController.swift in Sources */,
				CD14AE1D220766D9004ADF87 /* LoginPresenter.swift in Sources */,
				E2143C8A21D6604D005738A9 /* SignUpViewController.swift in Sources */,
				CDFF75D721DD83DA00027206 /* RoundedTextField.swift in Sources */,
				CDFF75D421DD7EEB00027206 /* UITextField+textSpacer.swift in Sources */,
				E2128BBD21DCD8E4000F8CB7 /* UIView+layerProperties.swift in Sources */,
				CDFF75E021E3794F00027206 /* Post.swift in Sources */,
				CDFF75E221E37A9C00027206 /* PostTableViewCell.swift in Sources */,
				CDCA415A21CEC8E800B957AC /* LoginViewController.swift in Sources */,
				CDFC73F721F68D5600219FA8 /* EditPostAlertViewController.swift in Sources */,
				CDFC73D921F4EADA00219FA8 /* UITableViewCell+Reusable.swift in Sources */,
				CD14AE1B220753EB004ADF87 /* UIStoryboard+Idenitifer.swift in Sources */,
				CDCA415821CEC8E800B957AC /* AppDelegate.swift in Sources */,
			);
			runOnlyForDeploymentPostprocessing = 0;
		};
		CDCA416421CEC8EB00B957AC /* Sources */ = {
			isa = PBXSourcesBuildPhase;
			buildActionMask = 2147483647;
			files = (
				CDCA416D21CEC8EB00B957AC /* PostViewerTests.swift in Sources */,
			);
			runOnlyForDeploymentPostprocessing = 0;
		};
		CDCA416F21CEC8EB00B957AC /* Sources */ = {
			isa = PBXSourcesBuildPhase;
			buildActionMask = 2147483647;
			files = (
				CDCA417821CEC8EB00B957AC /* PostViewerUITests.swift in Sources */,
			);
			runOnlyForDeploymentPostprocessing = 0;
		};
/* End PBXSourcesBuildPhase section */

/* Begin PBXTargetDependency section */
		CDCA416A21CEC8EB00B957AC /* PBXTargetDependency */ = {
			isa = PBXTargetDependency;
			target = CDCA415321CEC8E800B957AC /* PostViewer */;
			targetProxy = CDCA416921CEC8EB00B957AC /* PBXContainerItemProxy */;
		};
		CDCA417521CEC8EB00B957AC /* PBXTargetDependency */ = {
			isa = PBXTargetDependency;
			target = CDCA415321CEC8E800B957AC /* PostViewer */;
			targetProxy = CDCA417421CEC8EB00B957AC /* PBXContainerItemProxy */;
		};
/* End PBXTargetDependency section */

/* Begin PBXVariantGroup section */
		CDCA415B21CEC8E800B957AC /* Main.storyboard */ = {
			isa = PBXVariantGroup;
			children = (
				CDCA415C21CEC8E800B957AC /* Base */,
			);
			name = Main.storyboard;
			sourceTree = "<group>";
		};
		CDCA416021CEC8EB00B957AC /* LaunchScreen.storyboard */ = {
			isa = PBXVariantGroup;
			children = (
				CDCA416121CEC8EB00B957AC /* Base */,
			);
			name = LaunchScreen.storyboard;
			sourceTree = "<group>";
		};
/* End PBXVariantGroup section */

/* Begin XCBuildConfiguration section */
		CDCA417A21CEC8EB00B957AC /* Debug */ = {
			isa = XCBuildConfiguration;
			buildSettings = {
				ALWAYS_SEARCH_USER_PATHS = NO;
				CLANG_ANALYZER_NONNULL = YES;
				CLANG_ANALYZER_NUMBER_OBJECT_CONVERSION = YES_AGGRESSIVE;
				CLANG_CXX_LANGUAGE_STANDARD = "gnu++14";
				CLANG_CXX_LIBRARY = "libc++";
				CLANG_ENABLE_MODULES = YES;
				CLANG_ENABLE_OBJC_ARC = YES;
				CLANG_ENABLE_OBJC_WEAK = YES;
				CLANG_WARN_BLOCK_CAPTURE_AUTORELEASING = YES;
				CLANG_WARN_BOOL_CONVERSION = YES;
				CLANG_WARN_COMMA = YES;
				CLANG_WARN_CONSTANT_CONVERSION = YES;
				CLANG_WARN_DEPRECATED_OBJC_IMPLEMENTATIONS = YES;
				CLANG_WARN_DIRECT_OBJC_ISA_USAGE = YES_ERROR;
				CLANG_WARN_DOCUMENTATION_COMMENTS = YES;
				CLANG_WARN_EMPTY_BODY = YES;
				CLANG_WARN_ENUM_CONVERSION = YES;
				CLANG_WARN_INFINITE_RECURSION = YES;
				CLANG_WARN_INT_CONVERSION = YES;
				CLANG_WARN_NON_LITERAL_NULL_CONVERSION = YES;
				CLANG_WARN_OBJC_IMPLICIT_RETAIN_SELF = YES;
				CLANG_WARN_OBJC_LITERAL_CONVERSION = YES;
				CLANG_WARN_OBJC_ROOT_CLASS = YES_ERROR;
				CLANG_WARN_RANGE_LOOP_ANALYSIS = YES;
				CLANG_WARN_STRICT_PROTOTYPES = YES;
				CLANG_WARN_SUSPICIOUS_MOVE = YES;
				CLANG_WARN_UNGUARDED_AVAILABILITY = YES_AGGRESSIVE;
				CLANG_WARN_UNREACHABLE_CODE = YES;
				CLANG_WARN__DUPLICATE_METHOD_MATCH = YES;
				CODE_SIGN_IDENTITY = "iPhone Developer";
				COPY_PHASE_STRIP = NO;
				DEBUG_INFORMATION_FORMAT = dwarf;
				ENABLE_STRICT_OBJC_MSGSEND = YES;
				ENABLE_TESTABILITY = YES;
				GCC_C_LANGUAGE_STANDARD = gnu11;
				GCC_DYNAMIC_NO_PIC = NO;
				GCC_NO_COMMON_BLOCKS = YES;
				GCC_OPTIMIZATION_LEVEL = 0;
				GCC_PREPROCESSOR_DEFINITIONS = (
					"DEBUG=1",
					"$(inherited)",
				);
				GCC_WARN_64_TO_32_BIT_CONVERSION = YES;
				GCC_WARN_ABOUT_RETURN_TYPE = YES_ERROR;
				GCC_WARN_UNDECLARED_SELECTOR = YES;
				GCC_WARN_UNINITIALIZED_AUTOS = YES_AGGRESSIVE;
				GCC_WARN_UNUSED_FUNCTION = YES;
				GCC_WARN_UNUSED_VARIABLE = YES;
				IPHONEOS_DEPLOYMENT_TARGET = 12.1;
				MTL_ENABLE_DEBUG_INFO = INCLUDE_SOURCE;
				MTL_FAST_MATH = YES;
				ONLY_ACTIVE_ARCH = YES;
				SDKROOT = iphoneos;
				SWIFT_ACTIVE_COMPILATION_CONDITIONS = DEBUG;
				SWIFT_OPTIMIZATION_LEVEL = "-Onone";
			};
			name = Debug;
		};
		CDCA417B21CEC8EB00B957AC /* Release */ = {
			isa = XCBuildConfiguration;
			buildSettings = {
				ALWAYS_SEARCH_USER_PATHS = NO;
				CLANG_ANALYZER_NONNULL = YES;
				CLANG_ANALYZER_NUMBER_OBJECT_CONVERSION = YES_AGGRESSIVE;
				CLANG_CXX_LANGUAGE_STANDARD = "gnu++14";
				CLANG_CXX_LIBRARY = "libc++";
				CLANG_ENABLE_MODULES = YES;
				CLANG_ENABLE_OBJC_ARC = YES;
				CLANG_ENABLE_OBJC_WEAK = YES;
				CLANG_WARN_BLOCK_CAPTURE_AUTORELEASING = YES;
				CLANG_WARN_BOOL_CONVERSION = YES;
				CLANG_WARN_COMMA = YES;
				CLANG_WARN_CONSTANT_CONVERSION = YES;
				CLANG_WARN_DEPRECATED_OBJC_IMPLEMENTATIONS = YES;
				CLANG_WARN_DIRECT_OBJC_ISA_USAGE = YES_ERROR;
				CLANG_WARN_DOCUMENTATION_COMMENTS = YES;
				CLANG_WARN_EMPTY_BODY = YES;
				CLANG_WARN_ENUM_CONVERSION = YES;
				CLANG_WARN_INFINITE_RECURSION = YES;
				CLANG_WARN_INT_CONVERSION = YES;
				CLANG_WARN_NON_LITERAL_NULL_CONVERSION = YES;
				CLANG_WARN_OBJC_IMPLICIT_RETAIN_SELF = YES;
				CLANG_WARN_OBJC_LITERAL_CONVERSION = YES;
				CLANG_WARN_OBJC_ROOT_CLASS = YES_ERROR;
				CLANG_WARN_RANGE_LOOP_ANALYSIS = YES;
				CLANG_WARN_STRICT_PROTOTYPES = YES;
				CLANG_WARN_SUSPICIOUS_MOVE = YES;
				CLANG_WARN_UNGUARDED_AVAILABILITY = YES_AGGRESSIVE;
				CLANG_WARN_UNREACHABLE_CODE = YES;
				CLANG_WARN__DUPLICATE_METHOD_MATCH = YES;
				CODE_SIGN_IDENTITY = "iPhone Developer";
				COPY_PHASE_STRIP = NO;
				DEBUG_INFORMATION_FORMAT = "dwarf-with-dsym";
				ENABLE_NS_ASSERTIONS = NO;
				ENABLE_STRICT_OBJC_MSGSEND = YES;
				GCC_C_LANGUAGE_STANDARD = gnu11;
				GCC_NO_COMMON_BLOCKS = YES;
				GCC_WARN_64_TO_32_BIT_CONVERSION = YES;
				GCC_WARN_ABOUT_RETURN_TYPE = YES_ERROR;
				GCC_WARN_UNDECLARED_SELECTOR = YES;
				GCC_WARN_UNINITIALIZED_AUTOS = YES_AGGRESSIVE;
				GCC_WARN_UNUSED_FUNCTION = YES;
				GCC_WARN_UNUSED_VARIABLE = YES;
				IPHONEOS_DEPLOYMENT_TARGET = 12.1;
				MTL_ENABLE_DEBUG_INFO = NO;
				MTL_FAST_MATH = YES;
				SDKROOT = iphoneos;
				SWIFT_COMPILATION_MODE = wholemodule;
				SWIFT_OPTIMIZATION_LEVEL = "-O";
				VALIDATE_PRODUCT = YES;
			};
			name = Release;
		};
		CDCA417D21CEC8EB00B957AC /* Debug */ = {
			isa = XCBuildConfiguration;
			baseConfigurationReference = 93C9FCE8B6A8AC1874B66591 /* Pods-PostViewer.debug.xcconfig */;
			buildSettings = {
				ASSETCATALOG_COMPILER_APPICON_NAME = AppIcon;
				CODE_SIGN_ENTITLEMENTS = PostViewer/PostViewer.entitlements;
				CODE_SIGN_STYLE = Automatic;
				DEVELOPMENT_TEAM = 7W6E52TEYZ;
				INFOPLIST_FILE = PostViewer/Info.plist;
				LD_RUNPATH_SEARCH_PATHS = (
					"$(inherited)",
					"@executable_path/Frameworks",
				);
				PRODUCT_BUNDLE_IDENTIFIER = nvlizlo.PostViewer;
				PRODUCT_NAME = "$(TARGET_NAME)";
				SWIFT_VERSION = 4.2;
				TARGETED_DEVICE_FAMILY = 1;
			};
			name = Debug;
		};
		CDCA417E21CEC8EB00B957AC /* Release */ = {
			isa = XCBuildConfiguration;
			baseConfigurationReference = 58ADCBF187BA9EC895B52452 /* Pods-PostViewer.release.xcconfig */;
			buildSettings = {
				ASSETCATALOG_COMPILER_APPICON_NAME = AppIcon;
				CODE_SIGN_ENTITLEMENTS = PostViewer/PostViewer.entitlements;
				CODE_SIGN_STYLE = Automatic;
				DEVELOPMENT_TEAM = 7W6E52TEYZ;
				INFOPLIST_FILE = PostViewer/Info.plist;
				LD_RUNPATH_SEARCH_PATHS = (
					"$(inherited)",
					"@executable_path/Frameworks",
				);
				PRODUCT_BUNDLE_IDENTIFIER = nvlizlo.PostViewer;
				PRODUCT_NAME = "$(TARGET_NAME)";
				SWIFT_VERSION = 4.2;
				TARGETED_DEVICE_FAMILY = 1;
			};
			name = Release;
		};
		CDCA418021CEC8EB00B957AC /* Debug */ = {
			isa = XCBuildConfiguration;
			baseConfigurationReference = 8C4284AA1A9414D68E56736D /* Pods-PostViewerTests.debug.xcconfig */;
			buildSettings = {
				ALWAYS_EMBED_SWIFT_STANDARD_LIBRARIES = YES;
				BUNDLE_LOADER = "$(TEST_HOST)";
				CODE_SIGN_STYLE = Automatic;
				DEVELOPMENT_TEAM = 7W6E52TEYZ;
				INFOPLIST_FILE = PostViewerTests/Info.plist;
				LD_RUNPATH_SEARCH_PATHS = (
					"$(inherited)",
					"@executable_path/Frameworks",
					"@loader_path/Frameworks",
				);
				PRODUCT_BUNDLE_IDENTIFIER = nvlizlo.PostViewerTests;
				PRODUCT_NAME = "$(TARGET_NAME)";
				SWIFT_VERSION = 4.2;
				TARGETED_DEVICE_FAMILY = "1,2";
				TEST_HOST = "$(BUILT_PRODUCTS_DIR)/PostViewer.app/PostViewer";
			};
			name = Debug;
		};
		CDCA418121CEC8EB00B957AC /* Release */ = {
			isa = XCBuildConfiguration;
			baseConfigurationReference = EC81625923CA5C5204FBAB48 /* Pods-PostViewerTests.release.xcconfig */;
			buildSettings = {
				ALWAYS_EMBED_SWIFT_STANDARD_LIBRARIES = YES;
				BUNDLE_LOADER = "$(TEST_HOST)";
				CODE_SIGN_STYLE = Automatic;
				DEVELOPMENT_TEAM = 7W6E52TEYZ;
				INFOPLIST_FILE = PostViewerTests/Info.plist;
				LD_RUNPATH_SEARCH_PATHS = (
					"$(inherited)",
					"@executable_path/Frameworks",
					"@loader_path/Frameworks",
				);
				PRODUCT_BUNDLE_IDENTIFIER = nvlizlo.PostViewerTests;
				PRODUCT_NAME = "$(TARGET_NAME)";
				SWIFT_VERSION = 4.2;
				TARGETED_DEVICE_FAMILY = "1,2";
				TEST_HOST = "$(BUILT_PRODUCTS_DIR)/PostViewer.app/PostViewer";
			};
			name = Release;
		};
		CDCA418321CEC8EB00B957AC /* Debug */ = {
			isa = XCBuildConfiguration;
			baseConfigurationReference = 51129C17DD15654E64B238D4 /* Pods-PostViewerUITests.debug.xcconfig */;
			buildSettings = {
				ALWAYS_EMBED_SWIFT_STANDARD_LIBRARIES = YES;
				CODE_SIGN_STYLE = Automatic;
				DEVELOPMENT_TEAM = 7W6E52TEYZ;
				INFOPLIST_FILE = PostViewerUITests/Info.plist;
				LD_RUNPATH_SEARCH_PATHS = (
					"$(inherited)",
					"@executable_path/Frameworks",
					"@loader_path/Frameworks",
				);
				PRODUCT_BUNDLE_IDENTIFIER = nvlizlo.PostViewerUITests;
				PRODUCT_NAME = "$(TARGET_NAME)";
				SWIFT_VERSION = 4.2;
				TARGETED_DEVICE_FAMILY = "1,2";
				TEST_TARGET_NAME = PostViewer;
			};
			name = Debug;
		};
		CDCA418421CEC8EB00B957AC /* Release */ = {
			isa = XCBuildConfiguration;
			baseConfigurationReference = 0A849E39F1C22AFC1426880B /* Pods-PostViewerUITests.release.xcconfig */;
			buildSettings = {
				ALWAYS_EMBED_SWIFT_STANDARD_LIBRARIES = YES;
				CODE_SIGN_STYLE = Automatic;
				DEVELOPMENT_TEAM = 7W6E52TEYZ;
				INFOPLIST_FILE = PostViewerUITests/Info.plist;
				LD_RUNPATH_SEARCH_PATHS = (
					"$(inherited)",
					"@executable_path/Frameworks",
					"@loader_path/Frameworks",
				);
				PRODUCT_BUNDLE_IDENTIFIER = nvlizlo.PostViewerUITests;
				PRODUCT_NAME = "$(TARGET_NAME)";
				SWIFT_VERSION = 4.2;
				TARGETED_DEVICE_FAMILY = "1,2";
				TEST_TARGET_NAME = PostViewer;
			};
			name = Release;
		};
/* End XCBuildConfiguration section */

/* Begin XCConfigurationList section */
		CDCA414F21CEC8E800B957AC /* Build configuration list for PBXProject "PostViewer" */ = {
			isa = XCConfigurationList;
			buildConfigurations = (
				CDCA417A21CEC8EB00B957AC /* Debug */,
				CDCA417B21CEC8EB00B957AC /* Release */,
			);
			defaultConfigurationIsVisible = 0;
			defaultConfigurationName = Release;
		};
		CDCA417C21CEC8EB00B957AC /* Build configuration list for PBXNativeTarget "PostViewer" */ = {
			isa = XCConfigurationList;
			buildConfigurations = (
				CDCA417D21CEC8EB00B957AC /* Debug */,
				CDCA417E21CEC8EB00B957AC /* Release */,
			);
			defaultConfigurationIsVisible = 0;
			defaultConfigurationName = Release;
		};
		CDCA417F21CEC8EB00B957AC /* Build configuration list for PBXNativeTarget "PostViewerTests" */ = {
			isa = XCConfigurationList;
			buildConfigurations = (
				CDCA418021CEC8EB00B957AC /* Debug */,
				CDCA418121CEC8EB00B957AC /* Release */,
			);
			defaultConfigurationIsVisible = 0;
			defaultConfigurationName = Release;
		};
		CDCA418221CEC8EB00B957AC /* Build configuration list for PBXNativeTarget "PostViewerUITests" */ = {
			isa = XCConfigurationList;
			buildConfigurations = (
				CDCA418321CEC8EB00B957AC /* Debug */,
				CDCA418421CEC8EB00B957AC /* Release */,
			);
			defaultConfigurationIsVisible = 0;
			defaultConfigurationName = Release;
		};
/* End XCConfigurationList section */
	};
	rootObject = CDCA414C21CEC8E800B957AC /* Project object */;
}
